
Microsoft Visual Studio Solution File, Format Version 12.00
# Visual Studio Version 17
VisualStudioVersion = 17.0.32112.339
MinimumVisualStudioVersion = 10.0.40219.1
Project("{9A19103F-16F7-4668-BE54-9A1E7A4F7556}") = "01. Reverse Strings", "01. Reverse Strings\01. Reverse Strings.csproj", "{16224931-69E1-4A52-8D04-A45B55F8F1D2}"
EndProject
Project("{9A19103F-16F7-4668-BE54-9A1E7A4F7556}") = "02. Repeat Strings", "02. Repeat Strings\02. Repeat Strings.csproj", "{C4916AB1-A6C8-4EE5-AE0D-8F9E82465149}"
EndProject
Project("{9A19103F-16F7-4668-BE54-9A1E7A4F7556}") = "03. Substring", "03. Substring\03. Substring.csproj", "{DF0FAD25-214C-492E-A935-0E66D8A9D94C}"
EndProject
Project("{9A19103F-16F7-4668-BE54-9A1E7A4F7556}") = "04. Text Filter", "04. Text Filter\04. Text Filter.csproj", "{F224DA6E-9F00-437A-A333-34EB3421442F}"
EndProject
Project("{FAE04EC0-301F-11D3-BF4B-00C04F79EFBC}") = "05. Digits, Letters and Other", "05. Digits, Letters and Other\05. Digits, Letters and Other.csproj", "{017D42B1-3BB8-4AFF-A02A-AB134613D62B}"
EndProject
Global
	GlobalSection(SolutionConfigurationPlatforms) = preSolution
		Debug|Any CPU = Debug|Any CPU
		Release|Any CPU = Release|Any CPU
	EndGlobalSection
	GlobalSection(ProjectConfigurationPlatforms) = postSolution
		{16224931-69E1-4A52-8D04-A45B55F8F1D2}.Debug|Any CPU.ActiveCfg = Debug|Any CPU
		{16224931-69E1-4A52-8D04-A45B55F8F1D2}.Debug|Any CPU.Build.0 = Debug|Any CPU
		{16224931-69E1-4A52-8D04-A45B55F8F1D2}.Release|Any CPU.ActiveCfg = Release|Any CPU
		{16224931-69E1-4A52-8D04-A45B55F8F1D2}.Release|Any CPU.Build.0 = Release|Any CPU
		{C4916AB1-A6C8-4EE5-AE0D-8F9E82465149}.Debug|Any CPU.ActiveCfg = Debug|Any CPU
		{C4916AB1-A6C8-4EE5-AE0D-8F9E82465149}.Debug|Any CPU.Build.0 = Debug|Any CPU
		{C4916AB1-A6C8-4EE5-AE0D-8F9E82465149}.Release|Any CPU.ActiveCfg = Release|Any CPU
		{C4916AB1-A6C8-4EE5-AE0D-8F9E82465149}.Release|Any CPU.Build.0 = Release|Any CPU
		{DF0FAD25-214C-492E-A935-0E66D8A9D94C}.Debug|Any CPU.ActiveCfg = Debug|Any CPU
		{DF0FAD25-214C-492E-A935-0E66D8A9D94C}.Debug|Any CPU.Build.0 = Debug|Any CPU
		{DF0FAD25-214C-492E-A935-0E66D8A9D94C}.Release|Any CPU.ActiveCfg = Release|Any CPU
		{DF0FAD25-214C-492E-A935-0E66D8A9D94C}.Release|Any CPU.Build.0 = Release|Any CPU
		{F224DA6E-9F00-437A-A333-34EB3421442F}.Debug|Any CPU.ActiveCfg = Debug|Any CPU
		{F224DA6E-9F00-437A-A333-34EB3421442F}.Debug|Any CPU.Build.0 = Debug|Any CPU
		{F224DA6E-9F00-437A-A333-34EB3421442F}.Release|Any CPU.ActiveCfg = Release|Any CPU
		{F224DA6E-9F00-437A-A333-34EB3421442F}.Release|Any CPU.Build.0 = Release|Any CPU
		{017D42B1-3BB8-4AFF-A02A-AB134613D62B}.Debug|Any CPU.ActiveCfg = Debug|Any CPU
		{017D42B1-3BB8-4AFF-A02A-AB134613D62B}.Debug|Any CPU.Build.0 = Debug|Any CPU
		{017D42B1-3BB8-4AFF-A02A-AB134613D62B}.Release|Any CPU.ActiveCfg = Release|Any CPU
		{017D42B1-3BB8-4AFF-A02A-AB134613D62B}.Release|Any CPU.Build.0 = Release|Any CPU
	EndGlobalSection
	GlobalSection(SolutionProperties) = preSolution
		HideSolutionNode = FALSE
	EndGlobalSection
	GlobalSection(ExtensibilityGlobals) = postSolution
		SolutionGuid = {0E77D407-7157-4901-B42E-84374B735598}
	EndGlobalSection
EndGlobal
